# THIS IS AN AUTOGENERATED FILE. DO NOT EDIT THIS FILE DIRECTLY.
# yarn lockfile v1


coc-json@^1.2.5:
  version "1.2.5"
  resolved "https://registry.yarnpkg.com/coc-json/-/coc-json-1.2.5.tgz#c49b38991d52edb8d792a6e47b219a4d69119df2"
  integrity sha512-j8EAdxXxKxc5zHwCzdGAcnXzDXjtfbL6fNb9QIlBi2CkMIoARFyU4uZsIkMoROTMPaffHDFyzyAW2UJpbIJ0WQ==
